
Microsoft Visual Studio Solution File, Format Version 12.00
# Visual Studio Version 16
VisualStudioVersion = 16.0.29001.49
MinimumVisualStudioVersion = 10.0.40219.1
Project("{FAE04EC0-301F-11D3-BF4B-00C04F79EFBC}") = "Hello World 2020", "Hello World 2020\Hello World 2020.csproj", "{E3B6BA62-E8BB-4B86-A66D-6047922C81EF}"
EndProject
Global
	GlobalSection(SolutionConfigurationPlatforms) = preSolution
		Debug|Any CPU = Debug|Any CPU
		Release|Any CPU = Release|Any CPU
	EndGlobalSection
	GlobalSection(ProjectConfigurationPlatforms) = postSolution
		{E3B6BA62-E8BB-4B86-A66D-6047922C81EF}.Debug|Any CPU.ActiveCfg = Debug|Any CPU
		{E3B6BA62-E8BB-4B86-A66D-6047922C81EF}.Debug|Any CPU.Build.0 = Debug|Any CPU
		{E3B6BA62-E8BB-4B86-A66D-6047922C81EF}.Release|Any CPU.ActiveCfg = Release|Any CPU
		{E3B6BA62-E8BB-4B86-A66D-6047922C81EF}.Release|Any CPU.Build.0 = Release|Any CPU
	EndGlobalSection
	GlobalSection(SolutionProperties) = preSolution
		HideSolutionNode = FALSE
	EndGlobalSection
	GlobalSection(ExtensibilityGlobals) = postSolution
		SolutionGuid = {2CB56131-1D0E-4054-AC38-E0D0F2D8F5D8}
	EndGlobalSection
EndGlobal
